{
  "object": {
    "pins": [
      {
        "package": "swift-log",
        "repositoryURL": "https://github.com/apple/swift-log",
        "state": {
          "branch": null,
          "revision": "3d8596ed08bd13520157f0355e35caed215ffbfa",
          "version": "1.6.3"
        }
      },
      {
        "package": "OpenFeature",
        "repositoryURL": "https://github.com/open-feature/swift-sdk.git",
        "state": {
          "branch": null,
          "revision": "df7ff813300aa1b6cdce300a9e53fa5b6eca31c7",
          "version": "0.6.0"
        }
      }
    ]
  },
  "version": 1
}
