{
  "object": {
    "pins": [
      {
        "package": "OpenFeature",
        "repositoryURL": "https://github.com/open-feature/swift-sdk.git",
        "state": {
          "branch": null,
          "revision": "907567cf9d43aad4c015a8758a7d53d755e76213",
          "version": "0.2.0"
        }
      }
    ]
  },
  "version": 1
}
