{
  "object": {
    "pins": [
      {
        "package": "OpenFeature",
        "repositoryURL": "https://github.com/open-feature/swift-sdk.git",
        "state": {
          "branch": null,
          "revision": "b9007433bcc59a8c787e958f2aaf41bffef3bc31",
          "version": "0.2.1"
        }
      }
    ]
  },
  "version": 1
}
